
Microsoft Visual Studio Solution File, Format Version 12.00
# Visual Studio Version 17
VisualStudioVersion = 17.3.32929.385
MinimumVisualStudioVersion = 10.0.40219.1
Project("{FAE04EC0-301F-11D3-BF4B-00C04F79EFBC}") = "Project_one", "Project_one\Project_one.csproj", "{AF5807C6-A9FA-41FE-9582-56F0D25EEA72}"
EndProject
Global
	GlobalSection(SolutionConfigurationPlatforms) = preSolution
		Debug|Any CPU = Debug|Any CPU
		Release|Any CPU = Release|Any CPU
	EndGlobalSection
	GlobalSection(ProjectConfigurationPlatforms) = postSolution
		{AF5807C6-A9FA-41FE-9582-56F0D25EEA72}.Debug|Any CPU.ActiveCfg = Debug|Any CPU
		{AF5807C6-A9FA-41FE-9582-56F0D25EEA72}.Debug|Any CPU.Build.0 = Debug|Any CPU
		{AF5807C6-A9FA-41FE-9582-56F0D25EEA72}.Release|Any CPU.ActiveCfg = Release|Any CPU
		{AF5807C6-A9FA-41FE-9582-56F0D25EEA72}.Release|Any CPU.Build.0 = Release|Any CPU
	EndGlobalSection
	GlobalSection(SolutionProperties) = preSolution
		HideSolutionNode = FALSE
	EndGlobalSection
	GlobalSection(ExtensibilityGlobals) = postSolution
		SolutionGuid = {982C5588-9BD2-45E9-9103-24F621493C9C}
	EndGlobalSection
EndGlobal
